// !$*UTF8*$!
{
	archiveVersion = 1;
	classes = {
	};
	objectVersion = 48;
	objects = {

/* Begin PBXBuildFile section */
		190BD6B220430B4800F21F44 /* ChatsViewController.swift in Sources */ = {isa = PBXBuildFile; fileRef = 190BD6B120430B4800F21F44 /* ChatsViewController.swift */; };
		192F02712041F3BB0001FB28 /* AppDelegate.swift in Sources */ = {isa = PBXBuildFile; fileRef = 192F02702041F3BB0001FB28 /* AppDelegate.swift */; };
		192F02732041F3BB0001FB28 /* IdentityViewController.swift in Sources */ = {isa = PBXBuildFile; fileRef = 192F02722041F3BB0001FB28 /* IdentityViewController.swift */; };
		192F02762041F3BB0001FB28 /* Main.storyboard in Resources */ = {isa = PBXBuildFile; fileRef = 192F02742041F3BB0001FB28 /* Main.storyboard */; };
		192F02782041F3BB0001FB28 /* Assets.xcassets in Resources */ = {isa = PBXBuildFile; fileRef = 192F02772041F3BB0001FB28 /* Assets.xcassets */; };
		192F027B2041F3BB0001FB28 /* LaunchScreen.storyboard in Resources */ = {isa = PBXBuildFile; fileRef = 192F02792041F3BB0001FB28 /* LaunchScreen.storyboard */; };
		192F02862041F3BB0001FB28 /* AllHBCU_MessengerTests.swift in Sources */ = {isa = PBXBuildFile; fileRef = 192F02852041F3BB0001FB28 /* AllHBCU_MessengerTests.swift */; };
		19B36039204588C300D8B814 /* ChatViewController.swift in Sources */ = {isa = PBXBuildFile; fileRef = 19B36038204588C300D8B814 /* ChatViewController.swift */; };
		19E2E6D12041F79E000CA770 /* GoogleService-Info.plist in Resources */ = {isa = PBXBuildFile; fileRef = 19E2E6D02041F79E000CA770 /* GoogleService-Info.plist */; };
		19E2E6D42041FE92000CA770 /* ProfileTableViewCell.swift in Sources */ = {isa = PBXBuildFile; fileRef = 19E2E6D32041FE92000CA770 /* ProfileTableViewCell.swift */; };
		19E2E6D6204203F6000CA770 /* CreateProfileTableViewCell.swift in Sources */ = {isa = PBXBuildFile; fileRef = 19E2E6D5204203F6000CA770 /* CreateProfileTableViewCell.swift */; };
		19E2E6D92042054A000CA770 /* CreateProfileViewController.swift in Sources */ = {isa = PBXBuildFile; fileRef = 19E2E6D82042054A000CA770 /* CreateProfileViewController.swift */; };
		19E6255D204394490081946A /* SelectUserViewController.swift in Sources */ = {isa = PBXBuildFile; fileRef = 19E6255C204394490081946A /* SelectUserViewController.swift */; };
		1F68952620471B04005264DB /* ChatPreviewTableViewCell.swift in Sources */ = {isa = PBXBuildFile; fileRef = 1F68952520471B04005264DB /* ChatPreviewTableViewCell.swift */; };
		3EF71B6F5F3DFFF945F1BB97 /* Pods_AllHBCU_Messenger.framework in Frameworks */ = {isa = PBXBuildFile; fileRef = 7A21B60AE61C6D526D65BF08 /* Pods_AllHBCU_Messenger.framework */; };
		D857F92C81A49171AE84580F /* Pods_AllHBCU_MessengerTests.framework in Frameworks */ = {isa = PBXBuildFile; fileRef = 0EDA2C1DF05250DF31D51B33 /* Pods_AllHBCU_MessengerTests.framework */; };
/* End PBXBuildFile section */

/* Begin PBXContainerItemProxy section */
		192F02822041F3BB0001FB28 /* PBXContainerItemProxy */ = {
			isa = PBXContainerItemProxy;
			containerPortal = 192F02652041F3BB0001FB28 /* Project object */;
			proxyType = 1;
			remoteGlobalIDString = 192F026C2041F3BB0001FB28;
			remoteInfo = "AllHBCU Messenger";
		};
/* End PBXContainerItemProxy section */

/* Begin PBXFileReference section */
		0EDA2C1DF05250DF31D51B33 /* Pods_AllHBCU_MessengerTests.framework */ = {isa = PBXFileReference; explicitFileType = wrapper.framework; includeInIndex = 0; path = Pods_AllHBCU_MessengerTests.framework; sourceTree = BUILT_PRODUCTS_DIR; };
		190BD6B120430B4800F21F44 /* ChatsViewController.swift */ = {isa = PBXFileReference; lastKnownFileType = sourcecode.swift; path = ChatsViewController.swift; sourceTree = "<group>"; };
		192F026D2041F3BB0001FB28 /* AllHBCU Messenger.app */ = {isa = PBXFileReference; explicitFileType = wrapper.application; includeInIndex = 0; path = "AllHBCU Messenger.app"; sourceTree = BUILT_PRODUCTS_DIR; };
		192F02702041F3BB0001FB28 /* AppDelegate.swift */ = {isa = PBXFileReference; lastKnownFileType = sourcecode.swift; path = AppDelegate.swift; sourceTree = "<group>"; };
		192F02722041F3BB0001FB28 /* IdentityViewController.swift */ = {isa = PBXFileReference; lastKnownFileType = sourcecode.swift; path = IdentityViewController.swift; sourceTree = "<group>"; };
		192F02752041F3BB0001FB28 /* Base */ = {isa = PBXFileReference; lastKnownFileType = file.storyboard; name = Base; path = Base.lproj/Main.storyboard; sourceTree = "<group>"; };
		192F02772041F3BB0001FB28 /* Assets.xcassets */ = {isa = PBXFileReference; lastKnownFileType = folder.assetcatalog; path = Assets.xcassets; sourceTree = "<group>"; };
		192F027A2041F3BB0001FB28 /* Base */ = {isa = PBXFileReference; lastKnownFileType = file.storyboard; name = Base; path = Base.lproj/LaunchScreen.storyboard; sourceTree = "<group>"; };
		192F027C2041F3BB0001FB28 /* Info.plist */ = {isa = PBXFileReference; lastKnownFileType = text.plist.xml; path = Info.plist; sourceTree = "<group>"; };
		192F02812041F3BB0001FB28 /* AllHBCU MessengerTests.xctest */ = {isa = PBXFileReference; explicitFileType = wrapper.cfbundle; includeInIndex = 0; path = "AllHBCU MessengerTests.xctest"; sourceTree = BUILT_PRODUCTS_DIR; };
		192F02852041F3BB0001FB28 /* AllHBCU_MessengerTests.swift */ = {isa = PBXFileReference; lastKnownFileType = sourcecode.swift; path = AllHBCU_MessengerTests.swift; sourceTree = "<group>"; };
		192F02872041F3BB0001FB28 /* Info.plist */ = {isa = PBXFileReference; lastKnownFileType = text.plist.xml; path = Info.plist; sourceTree = "<group>"; };
		19B36038204588C300D8B814 /* ChatViewController.swift */ = {isa = PBXFileReference; lastKnownFileType = sourcecode.swift; path = ChatViewController.swift; sourceTree = "<group>"; };
		19E2E6D02041F79E000CA770 /* GoogleService-Info.plist */ = {isa = PBXFileReference; fileEncoding = 4; lastKnownFileType = text.plist.xml; path = "GoogleService-Info.plist"; sourceTree = "<group>"; };
		19E2E6D32041FE92000CA770 /* ProfileTableViewCell.swift */ = {isa = PBXFileReference; lastKnownFileType = sourcecode.swift; path = ProfileTableViewCell.swift; sourceTree = "<group>"; };
		19E2E6D5204203F6000CA770 /* CreateProfileTableViewCell.swift */ = {isa = PBXFileReference; lastKnownFileType = sourcecode.swift; path = CreateProfileTableViewCell.swift; sourceTree = "<group>"; };
		19E2E6D82042054A000CA770 /* CreateProfileViewController.swift */ = {isa = PBXFileReference; lastKnownFileType = sourcecode.swift; path = CreateProfileViewController.swift; sourceTree = "<group>"; };
		19E6255C204394490081946A /* SelectUserViewController.swift */ = {isa = PBXFileReference; lastKnownFileType = sourcecode.swift; path = SelectUserViewController.swift; sourceTree = "<group>"; };
		1F68952520471B04005264DB /* ChatPreviewTableViewCell.swift */ = {isa = PBXFileReference; lastKnownFileType = sourcecode.swift; path = ChatPreviewTableViewCell.swift; sourceTree = "<group>"; };
		2BF97FECDD9C2DFC587E5EBF /* Pods-AllHBCU MessengerTests.release.xcconfig */ = {isa = PBXFileReference; includeInIndex = 1; lastKnownFileType = text.xcconfig; name = "Pods-AllHBCU MessengerTests.release.xcconfig"; path = "Pods/Target Support Files/Pods-AllHBCU MessengerTests/Pods-AllHBCU MessengerTests.release.xcconfig"; sourceTree = "<group>"; };
		2E7075843FCEA3BA6F7A1540 /* Pods-AllHBCU Messenger.release.xcconfig */ = {isa = PBXFileReference; includeInIndex = 1; lastKnownFileType = text.xcconfig; name = "Pods-AllHBCU Messenger.release.xcconfig"; path = "Pods/Target Support Files/Pods-AllHBCU Messenger/Pods-AllHBCU Messenger.release.xcconfig"; sourceTree = "<group>"; };
		669C18D7B826E5D3D3362731 /* Pods-AllHBCU Messenger.debug.xcconfig */ = {isa = PBXFileReference; includeInIndex = 1; lastKnownFileType = text.xcconfig; name = "Pods-AllHBCU Messenger.debug.xcconfig"; path = "Pods/Target Support Files/Pods-AllHBCU Messenger/Pods-AllHBCU Messenger.debug.xcconfig"; sourceTree = "<group>"; };
		7A21B60AE61C6D526D65BF08 /* Pods_AllHBCU_Messenger.framework */ = {isa = PBXFileReference; explicitFileType = wrapper.framework; includeInIndex = 0; path = Pods_AllHBCU_Messenger.framework; sourceTree = BUILT_PRODUCTS_DIR; };
		CA89B42079ED9134C8263A28 /* Pods-AllHBCU MessengerTests.debug.xcconfig */ = {isa = PBXFileReference; includeInIndex = 1; lastKnownFileType = text.xcconfig; name = "Pods-AllHBCU MessengerTests.debug.xcconfig"; path = "Pods/Target Support Files/Pods-AllHBCU MessengerTests/Pods-AllHBCU MessengerTests.debug.xcconfig"; sourceTree = "<group>"; };
/* End PBXFileReference section */

/* Begin PBXFrameworksBuildPhase section */
		192F026A2041F3BB0001FB28 /* Frameworks */ = {
			isa = PBXFrameworksBuildPhase;
			buildActionMask = 2147483647;
			files = (
				3EF71B6F5F3DFFF945F1BB97 /* Pods_AllHBCU_Messenger.framework in Frameworks */,
			);
			runOnlyForDeploymentPostprocessing = 0;
		};
		192F027E2041F3BB0001FB28 /* Frameworks */ = {
			isa = PBXFrameworksBuildPhase;
			buildActionMask = 2147483647;
			files = (
				D857F92C81A49171AE84580F /* Pods_AllHBCU_MessengerTests.framework in Frameworks */,
			);
			runOnlyForDeploymentPostprocessing = 0;
		};
/* End PBXFrameworksBuildPhase section */

/* Begin PBXGroup section */
		192F02642041F3BB0001FB28 = {
			isa = PBXGroup;
			children = (
				192F026F2041F3BB0001FB28 /* AllHBCU Messenger */,
				192F02842041F3BB0001FB28 /* AllHBCU MessengerTests */,
				192F026E2041F3BB0001FB28 /* Products */,
				D42CB10415B6A1ADF94B146D /* Pods */,
				A68E400431C814D2BA086536 /* Frameworks */,
			);
			sourceTree = "<group>";
		};
		192F026E2041F3BB0001FB28 /* Products */ = {
			isa = PBXGroup;
			children = (
				192F026D2041F3BB0001FB28 /* AllHBCU Messenger.app */,
				192F02812041F3BB0001FB28 /* AllHBCU MessengerTests.xctest */,
			);
			name = Products;
			sourceTree = "<group>";
		};
		192F026F2041F3BB0001FB28 /* AllHBCU Messenger */ = {
			isa = PBXGroup;
			children = (
				19E2E6D72042052A000CA770 /* Controllers */,
				19E2E6D22041FE79000CA770 /* Views */,
				192F02702041F3BB0001FB28 /* AppDelegate.swift */,
				192F02742041F3BB0001FB28 /* Main.storyboard */,
				192F02772041F3BB0001FB28 /* Assets.xcassets */,
				192F02792041F3BB0001FB28 /* LaunchScreen.storyboard */,
				19E2E6D02041F79E000CA770 /* GoogleService-Info.plist */,
				192F027C2041F3BB0001FB28 /* Info.plist */,
			);
			name = "AllHBCU Messenger";
			path = AllHBCU_Messenger;
			sourceTree = "<group>";
		};
		192F02842041F3BB0001FB28 /* AllHBCU MessengerTests */ = {
			isa = PBXGroup;
			children = (
				192F02852041F3BB0001FB28 /* AllHBCU_MessengerTests.swift */,
				192F02872041F3BB0001FB28 /* Info.plist */,
			);
			name = "AllHBCU MessengerTests";
			path = AllHBCU_MessengerTests;
			sourceTree = "<group>";
		};
		19E2E6D22041FE79000CA770 /* Views */ = {
			isa = PBXGroup;
			children = (
				19E2E6D32041FE92000CA770 /* ProfileTableViewCell.swift */,
				19E2E6D5204203F6000CA770 /* CreateProfileTableViewCell.swift */,
				1F68952520471B04005264DB /* ChatPreviewTableViewCell.swift */,
			);
			path = Views;
			sourceTree = "<group>";
		};
		19E2E6D72042052A000CA770 /* Controllers */ = {
			isa = PBXGroup;
			children = (
				192F02722041F3BB0001FB28 /* IdentityViewController.swift */,
				19E2E6D82042054A000CA770 /* CreateProfileViewController.swift */,
				190BD6B120430B4800F21F44 /* ChatsViewController.swift */,
				19E6255C204394490081946A /* SelectUserViewController.swift */,
				19B36038204588C300D8B814 /* ChatViewController.swift */,
			);
			path = Controllers;
			sourceTree = "<group>";
		};
		A68E400431C814D2BA086536 /* Frameworks */ = {
			isa = PBXGroup;
			children = (
				7A21B60AE61C6D526D65BF08 /* Pods_AllHBCU_Messenger.framework */,
				0EDA2C1DF05250DF31D51B33 /* Pods_AllHBCU_MessengerTests.framework */,
			);
			name = Frameworks;
			sourceTree = "<group>";
		};
		D42CB10415B6A1ADF94B146D /* Pods */ = {
			isa = PBXGroup;
			children = (
				669C18D7B826E5D3D3362731 /* Pods-AllHBCU Messenger.debug.xcconfig */,
				2E7075843FCEA3BA6F7A1540 /* Pods-AllHBCU Messenger.release.xcconfig */,
				CA89B42079ED9134C8263A28 /* Pods-AllHBCU MessengerTests.debug.xcconfig */,
				2BF97FECDD9C2DFC587E5EBF /* Pods-AllHBCU MessengerTests.release.xcconfig */,
			);
			name = Pods;
			sourceTree = "<group>";
		};
/* End PBXGroup section */

/* Begin PBXNativeTarget section */
		192F026C2041F3BB0001FB28 /* AllHBCU Messenger */ = {
			isa = PBXNativeTarget;
			buildConfigurationList = 192F028A2041F3BB0001FB28 /* Build configuration list for PBXNativeTarget "AllHBCU Messenger" */;
			buildPhases = (
				EF447175FB98104C2A006A01 /* [CP] Check Pods Manifest.lock */,
				192F02692041F3BB0001FB28 /* Sources */,
				192F026A2041F3BB0001FB28 /* Frameworks */,
				192F026B2041F3BB0001FB28 /* Resources */,
				59B52673188626E7D13FBFA2 /* [CP] Embed Pods Frameworks */,
				488B4610F26D9E1E14922528 /* [CP] Copy Pods Resources */,
			);
			buildRules = (
			);
			dependencies = (
			);
			name = "AllHBCU Messenger";
			productName = "AllHBCU Messenger";
			productReference = 192F026D2041F3BB0001FB28 /* AllHBCU Messenger.app */;
			productType = "com.apple.product-type.application";
		};
		192F02802041F3BB0001FB28 /* AllHBCU MessengerTests */ = {
			isa = PBXNativeTarget;
			buildConfigurationList = 192F028D2041F3BB0001FB28 /* Build configuration list for PBXNativeTarget "AllHBCU MessengerTests" */;
			buildPhases = (
				320FD9D130D833385F5029CD /* [CP] Check Pods Manifest.lock */,
				192F027D2041F3BB0001FB28 /* Sources */,
				192F027E2041F3BB0001FB28 /* Frameworks */,
				192F027F2041F3BB0001FB28 /* Resources */,
				E65932029BCD6BEBBFF063E8 /* [CP] Embed Pods Frameworks */,
				9F92F671396718AC9F037ADF /* [CP] Copy Pods Resources */,
			);
			buildRules = (
			);
			dependencies = (
				192F02832041F3BB0001FB28 /* PBXTargetDependency */,
			);
			name = "AllHBCU MessengerTests";
			productName = "AllHBCU MessengerTests";
			productReference = 192F02812041F3BB0001FB28 /* AllHBCU MessengerTests.xctest */;
			productType = "com.apple.product-type.bundle.unit-test";
		};
/* End PBXNativeTarget section */

/* Begin PBXProject section */
		192F02652041F3BB0001FB28 /* Project object */ = {
			isa = PBXProject;
			attributes = {
				LastSwiftUpdateCheck = 0920;
				LastUpgradeCheck = 0920;
				ORGANIZATIONNAME = KellumWebDev;
				TargetAttributes = {
					192F026C2041F3BB0001FB28 = {
						CreatedOnToolsVersion = 9.2;
						ProvisioningStyle = Automatic;
					};
					192F02802041F3BB0001FB28 = {
						CreatedOnToolsVersion = 9.2;
						ProvisioningStyle = Automatic;
						TestTargetID = 192F026C2041F3BB0001FB28;
					};
				};
			};
			buildConfigurationList = 192F02682041F3BB0001FB28 /* Build configuration list for PBXProject "AllHBCU Messenger" */;
			compatibilityVersion = "Xcode 8.0";
			developmentRegion = en;
			hasScannedForEncodings = 0;
			knownRegions = (
				en,
				Base,
			);
			mainGroup = 192F02642041F3BB0001FB28;
			productRefGroup = 192F026E2041F3BB0001FB28 /* Products */;
			projectDirPath = "";
			projectRoot = "";
			targets = (
				192F026C2041F3BB0001FB28 /* AllHBCU Messenger */,
				192F02802041F3BB0001FB28 /* AllHBCU MessengerTests */,
			);
		};
/* End PBXProject section */

/* Begin PBXResourcesBuildPhase section */
		192F026B2041F3BB0001FB28 /* Resources */ = {
			isa = PBXResourcesBuildPhase;
			buildActionMask = 2147483647;
			files = (
				192F027B2041F3BB0001FB28 /* LaunchScreen.storyboard in Resources */,
				19E2E6D12041F79E000CA770 /* GoogleService-Info.plist in Resources */,
				192F02782041F3BB0001FB28 /* Assets.xcassets in Resources */,
				192F02762041F3BB0001FB28 /* Main.storyboard in Resources */,
			);
			runOnlyForDeploymentPostprocessing = 0;
		};
		192F027F2041F3BB0001FB28 /* Resources */ = {
			isa = PBXResourcesBuildPhase;
			buildActionMask = 2147483647;
			files = (
			);
			runOnlyForDeploymentPostprocessing = 0;
		};
/* End PBXResourcesBuildPhase section */

/* Begin PBXShellScriptBuildPhase section */
		320FD9D130D833385F5029CD /* [CP] Check Pods Manifest.lock */ = {
			isa = PBXShellScriptBuildPhase;
			buildActionMask = 2147483647;
			files = (
			);
			inputPaths = (
				"${PODS_PODFILE_DIR_PATH}/Podfile.lock",
				"${PODS_ROOT}/Manifest.lock",
			);
			name = "[CP] Check Pods Manifest.lock";
			outputPaths = (
				"$(DERIVED_FILE_DIR)/Pods-AllHBCU MessengerTests-checkManifestLockResult.txt",
			);
			runOnlyForDeploymentPostprocessing = 0;
			shellPath = /bin/sh;
			shellScript = "diff \"${PODS_PODFILE_DIR_PATH}/Podfile.lock\" \"${PODS_ROOT}/Manifest.lock\" > /dev/null\nif [ $? != 0 ] ; then\n    # print error to STDERR\n    echo \"error: The sandbox is not in sync with the Podfile.lock. Run 'pod install' or update your CocoaPods installation.\" >&2\n    exit 1\nfi\n# This output is used by Xcode 'outputs' to avoid re-running this script phase.\necho \"SUCCESS\" > \"${SCRIPT_OUTPUT_FILE_0}\"\n";
			showEnvVarsInLog = 0;
		};
		488B4610F26D9E1E14922528 /* [CP] Copy Pods Resources */ = {
			isa = PBXShellScriptBuildPhase;
			buildActionMask = 2147483647;
			files = (
			);
			inputPaths = (
			);
			name = "[CP] Copy Pods Resources";
			outputPaths = (
			);
			runOnlyForDeploymentPostprocessing = 0;
			shellPath = /bin/sh;
			shellScript = "\"${SRCROOT}/Pods/Target Support Files/Pods-AllHBCU Messenger/Pods-AllHBCU Messenger-resources.sh\"\n";
			showEnvVarsInLog = 0;
		};
		59B52673188626E7D13FBFA2 /* [CP] Embed Pods Frameworks */ = {
			isa = PBXShellScriptBuildPhase;
			buildActionMask = 2147483647;
			files = (
			);
			inputPaths = (
				"${SRCROOT}/Pods/Target Support Files/Pods-AllHBCU Messenger/Pods-AllHBCU Messenger-frameworks.sh",
				"${BUILT_PRODUCTS_DIR}/BoringSSL/openssl.framework",
				"${BUILT_PRODUCTS_DIR}/GTMSessionFetcher/GTMSessionFetcher.framework",
				"${BUILT_PRODUCTS_DIR}/GoogleToolboxForMac/GoogleToolboxForMac.framework",
				"${BUILT_PRODUCTS_DIR}/JSQMessagesViewController/JSQMessagesViewController.framework",
				"${BUILT_PRODUCTS_DIR}/JSQSystemSoundPlayer/JSQSystemSoundPlayer.framework",
				"${BUILT_PRODUCTS_DIR}/Protobuf/Protobuf.framework",
				"${BUILT_PRODUCTS_DIR}/gRPC/GRPCClient.framework",
				"${BUILT_PRODUCTS_DIR}/gRPC-Core/grpc.framework",
				"${BUILT_PRODUCTS_DIR}/gRPC-ProtoRPC/ProtoRPC.framework",
				"${BUILT_PRODUCTS_DIR}/gRPC-RxLibrary/RxLibrary.framework",
				"${BUILT_PRODUCTS_DIR}/leveldb-library/leveldb.framework",
				"${BUILT_PRODUCTS_DIR}/nanopb/nanopb.framework",
			);
			name = "[CP] Embed Pods Frameworks";
			outputPaths = (
				"${TARGET_BUILD_DIR}/${FRAMEWORKS_FOLDER_PATH}/openssl.framework",
				"${TARGET_BUILD_DIR}/${FRAMEWORKS_FOLDER_PATH}/GTMSessionFetcher.framework",
				"${TARGET_BUILD_DIR}/${FRAMEWORKS_FOLDER_PATH}/GoogleToolboxForMac.framework",
				"${TARGET_BUILD_DIR}/${FRAMEWORKS_FOLDER_PATH}/JSQMessagesViewController.framework",
				"${TARGET_BUILD_DIR}/${FRAMEWORKS_FOLDER_PATH}/JSQSystemSoundPlayer.framework",
				"${TARGET_BUILD_DIR}/${FRAMEWORKS_FOLDER_PATH}/Protobuf.framework",
				"${TARGET_BUILD_DIR}/${FRAMEWORKS_FOLDER_PATH}/GRPCClient.framework",
				"${TARGET_BUILD_DIR}/${FRAMEWORKS_FOLDER_PATH}/grpc.framework",
				"${TARGET_BUILD_DIR}/${FRAMEWORKS_FOLDER_PATH}/ProtoRPC.framework",
				"${TARGET_BUILD_DIR}/${FRAMEWORKS_FOLDER_PATH}/RxLibrary.framework",
				"${TARGET_BUILD_DIR}/${FRAMEWORKS_FOLDER_PATH}/leveldb.framework",
				"${TARGET_BUILD_DIR}/${FRAMEWORKS_FOLDER_PATH}/nanopb.framework",
			);
			runOnlyForDeploymentPostprocessing = 0;
			shellPath = /bin/sh;
			shellScript = "\"${SRCROOT}/Pods/Target Support Files/Pods-AllHBCU Messenger/Pods-AllHBCU Messenger-frameworks.sh\"\n";
			showEnvVarsInLog = 0;
		};
		9F92F671396718AC9F037ADF /* [CP] Copy Pods Resources */ = {
			isa = PBXShellScriptBuildPhase;
			buildActionMask = 2147483647;
			files = (
			);
			inputPaths = (
			);
			name = "[CP] Copy Pods Resources";
			outputPaths = (
			);
			runOnlyForDeploymentPostprocessing = 0;
			shellPath = /bin/sh;
			shellScript = "\"${SRCROOT}/Pods/Target Support Files/Pods-AllHBCU MessengerTests/Pods-AllHBCU MessengerTests-resources.sh\"\n";
			showEnvVarsInLog = 0;
		};
		E65932029BCD6BEBBFF063E8 /* [CP] Embed Pods Frameworks */ = {
			isa = PBXShellScriptBuildPhase;
			buildActionMask = 2147483647;
			files = (
			);
			inputPaths = (
			);
			name = "[CP] Embed Pods Frameworks";
			outputPaths = (
			);
			runOnlyForDeploymentPostprocessing = 0;
			shellPath = /bin/sh;
			shellScript = "\"${SRCROOT}/Pods/Target Support Files/Pods-AllHBCU MessengerTests/Pods-AllHBCU MessengerTests-frameworks.sh\"\n";
			showEnvVarsInLog = 0;
		};
		EF447175FB98104C2A006A01 /* [CP] Check Pods Manifest.lock */ = {
			isa = PBXShellScriptBuildPhase;
			buildActionMask = 2147483647;
			files = (
			);
			inputPaths = (
				"${PODS_PODFILE_DIR_PATH}/Podfile.lock",
				"${PODS_ROOT}/Manifest.lock",
			);
			name = "[CP] Check Pods Manifest.lock";
			outputPaths = (
				"$(DERIVED_FILE_DIR)/Pods-AllHBCU Messenger-checkManifestLockResult.txt",
			);
			runOnlyForDeploymentPostprocessing = 0;
			shellPath = /bin/sh;
			shellScript = "diff \"${PODS_PODFILE_DIR_PATH}/Podfile.lock\" \"${PODS_ROOT}/Manifest.lock\" > /dev/null\nif [ $? != 0 ] ; then\n    # print error to STDERR\n    echo \"error: The sandbox is not in sync with the Podfile.lock. Run 'pod install' or update your CocoaPods installation.\" >&2\n    exit 1\nfi\n# This output is used by Xcode 'outputs' to avoid re-running this script phase.\necho \"SUCCESS\" > \"${SCRIPT_OUTPUT_FILE_0}\"\n";
			showEnvVarsInLog = 0;
		};
/* End PBXShellScriptBuildPhase section */

/* Begin PBXSourcesBuildPhase section */
		192F02692041F3BB0001FB28 /* Sources */ = {
			isa = PBXSourcesBuildPhase;
			buildActionMask = 2147483647;
			files = (
				19E2E6D42041FE92000CA770 /* ProfileTableViewCell.swift in Sources */,
				1F68952620471B04005264DB /* ChatPreviewTableViewCell.swift in Sources */,
				192F02732041F3BB0001FB28 /* IdentityViewController.swift in Sources */,
				19B36039204588C300D8B814 /* ChatViewController.swift in Sources */,
				19E2E6D6204203F6000CA770 /* CreateProfileTableViewCell.swift in Sources */,
				19E6255D204394490081946A /* SelectUserViewController.swift in Sources */,
				19E2E6D92042054A000CA770 /* CreateProfileViewController.swift in Sources */,
				190BD6B220430B4800F21F44 /* ChatsViewController.swift in Sources */,
				192F02712041F3BB0001FB28 /* AppDelegate.swift in Sources */,
			);
			runOnlyForDeploymentPostprocessing = 0;
		};
		192F027D2041F3BB0001FB28 /* Sources */ = {
			isa = PBXSourcesBuildPhase;
			buildActionMask = 2147483647;
			files = (
				192F02862041F3BB0001FB28 /* AllHBCU_MessengerTests.swift in Sources */,
			);
			runOnlyForDeploymentPostprocessing = 0;
		};
/* End PBXSourcesBuildPhase section */

/* Begin PBXTargetDependency section */
		192F02832041F3BB0001FB28 /* PBXTargetDependency */ = {
			isa = PBXTargetDependency;
			target = 192F026C2041F3BB0001FB28 /* AllHBCU Messenger */;
			targetProxy = 192F02822041F3BB0001FB28 /* PBXContainerItemProxy */;
		};
/* End PBXTargetDependency section */

/* Begin PBXVariantGroup section */
		192F02742041F3BB0001FB28 /* Main.storyboard */ = {
			isa = PBXVariantGroup;
			children = (
				192F02752041F3BB0001FB28 /* Base */,
			);
			name = Main.storyboard;
			sourceTree = "<group>";
		};
		192F02792041F3BB0001FB28 /* LaunchScreen.storyboard */ = {
			isa = PBXVariantGroup;
			children = (
				192F027A2041F3BB0001FB28 /* Base */,
			);
			name = LaunchScreen.storyboard;
			sourceTree = "<group>";
		};
/* End PBXVariantGroup section */

/* Begin XCBuildConfiguration section */
		192F02882041F3BB0001FB28 /* Debug */ = {
			isa = XCBuildConfiguration;
			buildSettings = {
				ALWAYS_SEARCH_USER_PATHS = NO;
				CLANG_ANALYZER_NONNULL = YES;
				CLANG_ANALYZER_NUMBER_OBJECT_CONVERSION = YES_AGGRESSIVE;
				CLANG_CXX_LANGUAGE_STANDARD = "gnu++14";
				CLANG_CXX_LIBRARY = "libc++";
				CLANG_ENABLE_MODULES = YES;
				CLANG_ENABLE_OBJC_ARC = YES;
				CLANG_WARN_BLOCK_CAPTURE_AUTORELEASING = YES;
				CLANG_WARN_BOOL_CONVERSION = YES;
				CLANG_WARN_COMMA = YES;
				CLANG_WARN_CONSTANT_CONVERSION = YES;
				CLANG_WARN_DIRECT_OBJC_ISA_USAGE = YES_ERROR;
				CLANG_WARN_DOCUMENTATION_COMMENTS = YES;
				CLANG_WARN_EMPTY_BODY = YES;
				CLANG_WARN_ENUM_CONVERSION = YES;
				CLANG_WARN_INFINITE_RECURSION = YES;
				CLANG_WARN_INT_CONVERSION = YES;
				CLANG_WARN_NON_LITERAL_NULL_CONVERSION = YES;
				CLANG_WARN_OBJC_LITERAL_CONVERSION = YES;
				CLANG_WARN_OBJC_ROOT_CLASS = YES_ERROR;
				CLANG_WARN_RANGE_LOOP_ANALYSIS = YES;
				CLANG_WARN_STRICT_PROTOTYPES = YES;
				CLANG_WARN_SUSPICIOUS_MOVE = YES;
				CLANG_WARN_UNGUARDED_AVAILABILITY = YES_AGGRESSIVE;
				CLANG_WARN_UNREACHABLE_CODE = YES;
				CLANG_WARN__DUPLICATE_METHOD_MATCH = YES;
				CODE_SIGN_IDENTITY = "iPhone Developer";
				COPY_PHASE_STRIP = NO;
				DEBUG_INFORMATION_FORMAT = dwarf;
				ENABLE_STRICT_OBJC_MSGSEND = YES;
				ENABLE_TESTABILITY = YES;
				GCC_C_LANGUAGE_STANDARD = gnu11;
				GCC_DYNAMIC_NO_PIC = NO;
				GCC_NO_COMMON_BLOCKS = YES;
				GCC_OPTIMIZATION_LEVEL = 0;
				GCC_PREPROCESSOR_DEFINITIONS = (
					"DEBUG=1",
					"$(inherited)",
				);
				GCC_WARN_64_TO_32_BIT_CONVERSION = YES;
				GCC_WARN_ABOUT_RETURN_TYPE = YES_ERROR;
				GCC_WARN_UNDECLARED_SELECTOR = YES;
				GCC_WARN_UNINITIALIZED_AUTOS = YES_AGGRESSIVE;
				GCC_WARN_UNUSED_FUNCTION = YES;
				GCC_WARN_UNUSED_VARIABLE = YES;
				IPHONEOS_DEPLOYMENT_TARGET = 11.2;
				MTL_ENABLE_DEBUG_INFO = YES;
				ONLY_ACTIVE_ARCH = YES;
				SDKROOT = iphoneos;
				SWIFT_ACTIVE_COMPILATION_CONDITIONS = DEBUG;
				SWIFT_OPTIMIZATION_LEVEL = "-Onone";
			};
			name = Debug;
		};
		192F02892041F3BB0001FB28 /* Release */ = {
			isa = XCBuildConfiguration;
			buildSettings = {
				ALWAYS_SEARCH_USER_PATHS = NO;
				CLANG_ANALYZER_NONNULL = YES;
				CLANG_ANALYZER_NUMBER_OBJECT_CONVERSION = YES_AGGRESSIVE;
				CLANG_CXX_LANGUAGE_STANDARD = "gnu++14";
				CLANG_CXX_LIBRARY = "libc++";
				CLANG_ENABLE_MODULES = YES;
				CLANG_ENABLE_OBJC_ARC = YES;
				CLANG_WARN_BLOCK_CAPTURE_AUTORELEASING = YES;
				CLANG_WARN_BOOL_CONVERSION = YES;
				CLANG_WARN_COMMA = YES;
				CLANG_WARN_CONSTANT_CONVERSION = YES;
				CLANG_WARN_DIRECT_OBJC_ISA_USAGE = YES_ERROR;
				CLANG_WARN_DOCUMENTATION_COMMENTS = YES;
				CLANG_WARN_EMPTY_BODY = YES;
				CLANG_WARN_ENUM_CONVERSION = YES;
				CLANG_WARN_INFINITE_RECURSION = YES;
				CLANG_WARN_INT_CONVERSION = YES;
				CLANG_WARN_NON_LITERAL_NULL_CONVERSION = YES;
				CLANG_WARN_OBJC_LITERAL_CONVERSION = YES;
				CLANG_WARN_OBJC_ROOT_CLASS = YES_ERROR;
				CLANG_WARN_RANGE_LOOP_ANALYSIS = YES;
				CLANG_WARN_STRICT_PROTOTYPES = YES;
				CLANG_WARN_SUSPICIOUS_MOVE = YES;
				CLANG_WARN_UNGUARDED_AVAILABILITY = YES_AGGRESSIVE;
				CLANG_WARN_UNREACHABLE_CODE = YES;
				CLANG_WARN__DUPLICATE_METHOD_MATCH = YES;
				CODE_SIGN_IDENTITY = "iPhone Developer";
				COPY_PHASE_STRIP = NO;
				DEBUG_INFORMATION_FORMAT = "dwarf-with-dsym";
				ENABLE_NS_ASSERTIONS = NO;
				ENABLE_STRICT_OBJC_MSGSEND = YES;
				GCC_C_LANGUAGE_STANDARD = gnu11;
				GCC_NO_COMMON_BLOCKS = YES;
				GCC_WARN_64_TO_32_BIT_CONVERSION = YES;
				GCC_WARN_ABOUT_RETURN_TYPE = YES_ERROR;
				GCC_WARN_UNDECLARED_SELECTOR = YES;
				GCC_WARN_UNINITIALIZED_AUTOS = YES_AGGRESSIVE;
				GCC_WARN_UNUSED_FUNCTION = YES;
				GCC_WARN_UNUSED_VARIABLE = YES;
				IPHONEOS_DEPLOYMENT_TARGET = 11.2;
				MTL_ENABLE_DEBUG_INFO = NO;
				SDKROOT = iphoneos;
				SWIFT_OPTIMIZATION_LEVEL = "-Owholemodule";
				VALIDATE_PRODUCT = YES;
			};
			name = Release;
		};
		192F028B2041F3BB0001FB28 /* Debug */ = {
			isa = XCBuildConfiguration;
			baseConfigurationReference = 669C18D7B826E5D3D3362731 /* Pods-AllHBCU Messenger.debug.xcconfig */;
			buildSettings = {
				ASSETCATALOG_COMPILER_APPICON_NAME = AppIcon;
				"CODE_SIGN_IDENTITY[sdk=iphoneos*]" = "iPhone Developer";
				CODE_SIGN_STYLE = Automatic;
				DEVELOPMENT_TEAM = "";
				INFOPLIST_FILE = "$(SRCROOT)/AllHBCU_Messenger/Info.plist";
				LD_RUNPATH_SEARCH_PATHS = "$(inherited) @executable_path/Frameworks";
				PRODUCT_BUNDLE_IDENTIFIER = "com.allhbcu.AllHBCU-Messenger";
				PRODUCT_NAME = "$(TARGET_NAME)";
				PROVISIONING_PROFILE_SPECIFIER = "";
				SWIFT_VERSION = 4.0;
				TARGETED_DEVICE_FAMILY = "1,2";
			};
			name = Debug;
		};
		192F028C2041F3BB0001FB28 /* Release */ = {
			isa = XCBuildConfiguration;
			baseConfigurationReference = 2E7075843FCEA3BA6F7A1540 /* Pods-AllHBCU Messenger.release.xcconfig */;
			buildSettings = {
				ASSETCATALOG_COMPILER_APPICON_NAME = AppIcon;
				"CODE_SIGN_IDENTITY[sdk=iphoneos*]" = "iPhone Developer";
				CODE_SIGN_STYLE = Automatic;
				DEVELOPMENT_TEAM = "";
				INFOPLIST_FILE = "$(SRCROOT)/AllHBCU_Messenger/Info.plist";
				LD_RUNPATH_SEARCH_PATHS = "$(inherited) @executable_path/Frameworks";
				PRODUCT_BUNDLE_IDENTIFIER = "com.allhbcu.AllHBCU-Messenger";
				PRODUCT_NAME = "$(TARGET_NAME)";
				PROVISIONING_PROFILE_SPECIFIER = "";
				SWIFT_VERSION = 4.0;
				TARGETED_DEVICE_FAMILY = "1,2";
			};
			name = Release;
		};
		192F028E2041F3BB0001FB28 /* Debug */ = {
			isa = XCBuildConfiguration;
			baseConfigurationReference = CA89B42079ED9134C8263A28 /* Pods-AllHBCU MessengerTests.debug.xcconfig */;
			buildSettings = {
				ALWAYS_EMBED_SWIFT_STANDARD_LIBRARIES = YES;
				BUNDLE_LOADER = "$(TEST_HOST)";
				CODE_SIGN_STYLE = Automatic;
				DEVELOPMENT_TEAM = 8HLRRKQKME;
				INFOPLIST_FILE = "AllHBCU MessengerTests/Info.plist";
				LD_RUNPATH_SEARCH_PATHS = "$(inherited) @executable_path/Frameworks @loader_path/Frameworks";
				PRODUCT_BUNDLE_IDENTIFIER = "com.allhbcu.AllHBCU-MessengerTests";
				PRODUCT_NAME = "$(TARGET_NAME)";
				SWIFT_VERSION = 4.0;
				TARGETED_DEVICE_FAMILY = "1,2";
				TEST_HOST = "$(BUILT_PRODUCTS_DIR)/AllHBCU Messenger.app/AllHBCU Messenger";
			};
			name = Debug;
		};
		192F028F2041F3BB0001FB28 /* Release */ = {
			isa = XCBuildConfiguration;
			baseConfigurationReference = 2BF97FECDD9C2DFC587E5EBF /* Pods-AllHBCU MessengerTests.release.xcconfig */;
			buildSettings = {
				ALWAYS_EMBED_SWIFT_STANDARD_LIBRARIES = YES;
				BUNDLE_LOADER = "$(TEST_HOST)";
				CODE_SIGN_STYLE = Automatic;
				DEVELOPMENT_TEAM = 8HLRRKQKME;
				INFOPLIST_FILE = "AllHBCU MessengerTests/Info.plist";
				LD_RUNPATH_SEARCH_PATHS = "$(inherited) @executable_path/Frameworks @loader_path/Frameworks";
				PRODUCT_BUNDLE_IDENTIFIER = "com.allhbcu.AllHBCU-MessengerTests";
				PRODUCT_NAME = "$(TARGET_NAME)";
				SWIFT_VERSION = 4.0;
				TARGETED_DEVICE_FAMILY = "1,2";
				TEST_HOST = "$(BUILT_PRODUCTS_DIR)/AllHBCU Messenger.app/AllHBCU Messenger";
			};
			name = Release;
		};
/* End XCBuildConfiguration section */

/* Begin XCConfigurationList section */
		192F02682041F3BB0001FB28 /* Build configuration list for PBXProject "AllHBCU Messenger" */ = {
			isa = XCConfigurationList;
			buildConfigurations = (
				192F02882041F3BB0001FB28 /* Debug */,
				192F02892041F3BB0001FB28 /* Release */,
			);
			defaultConfigurationIsVisible = 0;
			defaultConfigurationName = Release;
		};
		192F028A2041F3BB0001FB28 /* Build configuration list for PBXNativeTarget "AllHBCU Messenger" */ = {
			isa = XCConfigurationList;
			buildConfigurations = (
				192F028B2041F3BB0001FB28 /* Debug */,
				192F028C2041F3BB0001FB28 /* Release */,
			);
			defaultConfigurationIsVisible = 0;
			defaultConfigurationName = Release;
		};
		192F028D2041F3BB0001FB28 /* Build configuration list for PBXNativeTarget "AllHBCU MessengerTests" */ = {
			isa = XCConfigurationList;
			buildConfigurations = (
				192F028E2041F3BB0001FB28 /* Debug */,
				192F028F2041F3BB0001FB28 /* Release */,
			);
			defaultConfigurationIsVisible = 0;
			defaultConfigurationName = Release;
		};
/* End XCConfigurationList section */
	};
	rootObject = 192F02652041F3BB0001FB28 /* Project object */;
}
